// !$*UTF8*$!
{
	archiveVersion = 1;
	classes = {
	};
	objectVersion = 51;
	objects = {

/* Begin PBXBuildFile section */
		3AA8903079097534906A8A6C /* Pods_WongnaiIntern.framework in Frameworks */ = {isa = PBXBuildFile; fileRef = 640EEB685D18CEFBCF13DE71 /* Pods_WongnaiIntern.framework */; };
		C8636B2E252F993D006372E0 /* AppDelegate.swift in Sources */ = {isa = PBXBuildFile; fileRef = C8636B2D252F993D006372E0 /* AppDelegate.swift */; };
		C8636B30252F993D006372E0 /* SceneDelegate.swift in Sources */ = {isa = PBXBuildFile; fileRef = C8636B2F252F993D006372E0 /* SceneDelegate.swift */; };
		C8636B32252F993D006372E0 /* PopularPhotoViewController.swift in Sources */ = {isa = PBXBuildFile; fileRef = C8636B31252F993D006372E0 /* PopularPhotoViewController.swift */; };
		C8636B35252F993D006372E0 /* Main.storyboard in Resources */ = {isa = PBXBuildFile; fileRef = C8636B33252F993D006372E0 /* Main.storyboard */; };
		C8636B37252F993E006372E0 /* Assets.xcassets in Resources */ = {isa = PBXBuildFile; fileRef = C8636B36252F993E006372E0 /* Assets.xcassets */; };
		C8636B3A252F993E006372E0 /* LaunchScreen.storyboard in Resources */ = {isa = PBXBuildFile; fileRef = C8636B38252F993E006372E0 /* LaunchScreen.storyboard */; };
		C8636B44252F9AFC006372E0 /* PopularPhotoTableViewCell.swift in Sources */ = {isa = PBXBuildFile; fileRef = C8636B42252F9AFC006372E0 /* PopularPhotoTableViewCell.swift */; };
		C8636B45252F9AFC006372E0 /* PopularPhotoTableViewCell.xib in Resources */ = {isa = PBXBuildFile; fileRef = C8636B43252F9AFC006372E0 /* PopularPhotoTableViewCell.xib */; };
		C8636B48252FA5B1006372E0 /* LoadMoreTableViewCell.swift in Sources */ = {isa = PBXBuildFile; fileRef = C8636B46252FA5B1006372E0 /* LoadMoreTableViewCell.swift */; };
		C8636B49252FA5B1006372E0 /* LoadMoreTableViewCell.xib in Resources */ = {isa = PBXBuildFile; fileRef = C8636B47252FA5B1006372E0 /* LoadMoreTableViewCell.xib */; };
		C8A9707E2531E02B00585D67 /* InsertionPhotoTableViewCell.swift in Sources */ = {isa = PBXBuildFile; fileRef = C8A9707C2531E02B00585D67 /* InsertionPhotoTableViewCell.swift */; };
		C8A9707F2531E02B00585D67 /* InsertionPhotoTableViewCell.xib in Resources */ = {isa = PBXBuildFile; fileRef = C8A9707D2531E02B00585D67 /* InsertionPhotoTableViewCell.xib */; };
		C8E044262530BC460062C7C1 /* PopularPhotoService.swift in Sources */ = {isa = PBXBuildFile; fileRef = C8E044252530BC460062C7C1 /* PopularPhotoService.swift */; };
		C8E044292530CD400062C7C1 /* PopularPhotoResponse.swift in Sources */ = {isa = PBXBuildFile; fileRef = C8E044282530CD400062C7C1 /* PopularPhotoResponse.swift */; };
		C8E044302530D0640062C7C1 /* Photoo.swift in Sources */ = {isa = PBXBuildFile; fileRef = C8E0442F2530D0640062C7C1 /* Photoo.swift */; };
		C8E044342530D3E60062C7C1 /* PopularPhotoViewModel.swift in Sources */ = {isa = PBXBuildFile; fileRef = C8E044332530D3E60062C7C1 /* PopularPhotoViewModel.swift */; };
		C8E0443E2530E2A50062C7C1 /* R.generated.swift in Sources */ = {isa = PBXBuildFile; fileRef = C8E0443D2530E2A50062C7C1 /* R.generated.swift */; };
		C8E044452530EAA70062C7C1 /* PhotoViewModel.swift in Sources */ = {isa = PBXBuildFile; fileRef = C8E044442530EAA70062C7C1 /* PhotoViewModel.swift */; };
/* End PBXBuildFile section */

/* Begin PBXFileReference section */
		51CCB3F7FACBC8B1F6D26BF3 /* Pods-WongnaiIntern.debug.xcconfig */ = {isa = PBXFileReference; includeInIndex = 1; lastKnownFileType = text.xcconfig; name = "Pods-WongnaiIntern.debug.xcconfig"; path = "Target Support Files/Pods-WongnaiIntern/Pods-WongnaiIntern.debug.xcconfig"; sourceTree = "<group>"; };
		640EEB685D18CEFBCF13DE71 /* Pods_WongnaiIntern.framework */ = {isa = PBXFileReference; explicitFileType = wrapper.framework; includeInIndex = 0; path = Pods_WongnaiIntern.framework; sourceTree = BUILT_PRODUCTS_DIR; };
		C3969450D2B1CF973F9ED802 /* Pods-WongnaiIntern.release.xcconfig */ = {isa = PBXFileReference; includeInIndex = 1; lastKnownFileType = text.xcconfig; name = "Pods-WongnaiIntern.release.xcconfig"; path = "Target Support Files/Pods-WongnaiIntern/Pods-WongnaiIntern.release.xcconfig"; sourceTree = "<group>"; };
		C8636B2A252F993D006372E0 /* WongnaiIntern.app */ = {isa = PBXFileReference; explicitFileType = wrapper.application; includeInIndex = 0; path = WongnaiIntern.app; sourceTree = BUILT_PRODUCTS_DIR; };
		C8636B2D252F993D006372E0 /* AppDelegate.swift */ = {isa = PBXFileReference; lastKnownFileType = sourcecode.swift; path = AppDelegate.swift; sourceTree = "<group>"; };
		C8636B2F252F993D006372E0 /* SceneDelegate.swift */ = {isa = PBXFileReference; lastKnownFileType = sourcecode.swift; path = SceneDelegate.swift; sourceTree = "<group>"; };
		C8636B31252F993D006372E0 /* PopularPhotoViewController.swift */ = {isa = PBXFileReference; lastKnownFileType = sourcecode.swift; path = PopularPhotoViewController.swift; sourceTree = "<group>"; };
		C8636B34252F993D006372E0 /* Base */ = {isa = PBXFileReference; lastKnownFileType = file.storyboard; name = Base; path = Base.lproj/Main.storyboard; sourceTree = "<group>"; };
		C8636B36252F993E006372E0 /* Assets.xcassets */ = {isa = PBXFileReference; lastKnownFileType = folder.assetcatalog; path = Assets.xcassets; sourceTree = "<group>"; };
		C8636B39252F993E006372E0 /* Base */ = {isa = PBXFileReference; lastKnownFileType = file.storyboard; name = Base; path = Base.lproj/LaunchScreen.storyboard; sourceTree = "<group>"; };
		C8636B3B252F993E006372E0 /* Info.plist */ = {isa = PBXFileReference; lastKnownFileType = text.plist.xml; path = Info.plist; sourceTree = "<group>"; };
		C8636B42252F9AFC006372E0 /* PopularPhotoTableViewCell.swift */ = {isa = PBXFileReference; lastKnownFileType = sourcecode.swift; path = PopularPhotoTableViewCell.swift; sourceTree = "<group>"; };
		C8636B43252F9AFC006372E0 /* PopularPhotoTableViewCell.xib */ = {isa = PBXFileReference; lastKnownFileType = file.xib; path = PopularPhotoTableViewCell.xib; sourceTree = "<group>"; };
		C8636B46252FA5B1006372E0 /* LoadMoreTableViewCell.swift */ = {isa = PBXFileReference; lastKnownFileType = sourcecode.swift; path = LoadMoreTableViewCell.swift; sourceTree = "<group>"; };
		C8636B47252FA5B1006372E0 /* LoadMoreTableViewCell.xib */ = {isa = PBXFileReference; lastKnownFileType = file.xib; path = LoadMoreTableViewCell.xib; sourceTree = "<group>"; };
		C8A9707C2531E02B00585D67 /* InsertionPhotoTableViewCell.swift */ = {isa = PBXFileReference; lastKnownFileType = sourcecode.swift; path = InsertionPhotoTableViewCell.swift; sourceTree = "<group>"; };
		C8A9707D2531E02B00585D67 /* InsertionPhotoTableViewCell.xib */ = {isa = PBXFileReference; lastKnownFileType = file.xib; path = InsertionPhotoTableViewCell.xib; sourceTree = "<group>"; };
		C8E044252530BC460062C7C1 /* PopularPhotoService.swift */ = {isa = PBXFileReference; lastKnownFileType = sourcecode.swift; path = PopularPhotoService.swift; sourceTree = "<group>"; };
		C8E044282530CD400062C7C1 /* PopularPhotoResponse.swift */ = {isa = PBXFileReference; lastKnownFileType = sourcecode.swift; path = PopularPhotoResponse.swift; sourceTree = "<group>"; };
		C8E0442F2530D0640062C7C1 /* Photoo.swift */ = {isa = PBXFileReference; lastKnownFileType = sourcecode.swift; path = Photoo.swift; sourceTree = "<group>"; };
		C8E044332530D3E60062C7C1 /* PopularPhotoViewModel.swift */ = {isa = PBXFileReference; lastKnownFileType = sourcecode.swift; path = PopularPhotoViewModel.swift; sourceTree = "<group>"; };
		C8E0443D2530E2A50062C7C1 /* R.generated.swift */ = {isa = PBXFileReference; fileEncoding = 4; lastKnownFileType = sourcecode.swift; path = R.generated.swift; sourceTree = SOURCE_ROOT; };
		C8E044442530EAA70062C7C1 /* PhotoViewModel.swift */ = {isa = PBXFileReference; lastKnownFileType = sourcecode.swift; path = PhotoViewModel.swift; sourceTree = "<group>"; };
/* End PBXFileReference section */

/* Begin PBXFrameworksBuildPhase section */
		C8636B27252F993D006372E0 /* Frameworks */ = {
			isa = PBXFrameworksBuildPhase;
			buildActionMask = 2147483647;
			files = (
				3AA8903079097534906A8A6C /* Pods_WongnaiIntern.framework in Frameworks */,
			);
			runOnlyForDeploymentPostprocessing = 0;
		};
/* End PBXFrameworksBuildPhase section */

/* Begin PBXGroup section */
		29B54DBA012D2B5FC251472E /* Frameworks */ = {
			isa = PBXGroup;
			children = (
				640EEB685D18CEFBCF13DE71 /* Pods_WongnaiIntern.framework */,
			);
			name = Frameworks;
			sourceTree = "<group>";
		};
		5FFB5A7CDE3A9C7AEF40A34F /* Pods */ = {
			isa = PBXGroup;
			children = (
				51CCB3F7FACBC8B1F6D26BF3 /* Pods-WongnaiIntern.debug.xcconfig */,
				C3969450D2B1CF973F9ED802 /* Pods-WongnaiIntern.release.xcconfig */,
			);
			path = Pods;
			sourceTree = "<group>";
		};
		C8636B21252F993D006372E0 = {
			isa = PBXGroup;
			children = (
				C8636B2C252F993D006372E0 /* WongnaiIntern */,
				C8636B2B252F993D006372E0 /* Products */,
				5FFB5A7CDE3A9C7AEF40A34F /* Pods */,
				29B54DBA012D2B5FC251472E /* Frameworks */,
			);
			sourceTree = "<group>";
		};
		C8636B2B252F993D006372E0 /* Products */ = {
			isa = PBXGroup;
			children = (
				C8636B2A252F993D006372E0 /* WongnaiIntern.app */,
			);
			name = Products;
			sourceTree = "<group>";
		};
		C8636B2C252F993D006372E0 /* WongnaiIntern */ = {
			isa = PBXGroup;
			children = (
				C8E0443D2530E2A50062C7C1 /* R.generated.swift */,
				C8636B2D252F993D006372E0 /* AppDelegate.swift */,
				C8636B2F252F993D006372E0 /* SceneDelegate.swift */,
				C8636B36252F993E006372E0 /* Assets.xcassets */,
				C8636B38252F993E006372E0 /* LaunchScreen.storyboard */,
				C8636B3B252F993E006372E0 /* Info.plist */,
				C8A970872531FA3700585D67 /* InsertionPhoto */,
				C8A970842531F76500585D67 /* LoadMoreTableViewCell */,
				C8A970812531F73C00585D67 /* Service */,
				C8A970862531F7D400585D67 /* Post */,
				C8A970882531FA4C00585D67 /* Timeline */,
			);
			path = WongnaiIntern;
			sourceTree = "<group>";
		};
		C8A970812531F73C00585D67 /* Service */ = {
			isa = PBXGroup;
			children = (
				C8E044252530BC460062C7C1 /* PopularPhotoService.swift */,
			);
			path = Service;
			sourceTree = "<group>";
		};
		C8A970842531F76500585D67 /* LoadMoreTableViewCell */ = {
			isa = PBXGroup;
			children = (
				C8636B46252FA5B1006372E0 /* LoadMoreTableViewCell.swift */,
				C8636B47252FA5B1006372E0 /* LoadMoreTableViewCell.xib */,
			);
			path = LoadMoreTableViewCell;
			sourceTree = "<group>";
		};
		C8A970852531F7B200585D67 /* Model */ = {
			isa = PBXGroup;
			children = (
				C8E044282530CD400062C7C1 /* PopularPhotoResponse.swift */,
				C8E0442F2530D0640062C7C1 /* Photoo.swift */,
			);
			path = Model;
			sourceTree = "<group>";
		};
		C8A970862531F7D400585D67 /* Post */ = {
			isa = PBXGroup;
			children = (
				C8636B42252F9AFC006372E0 /* PopularPhotoTableViewCell.swift */,
				C8636B43252F9AFC006372E0 /* PopularPhotoTableViewCell.xib */,
				C8E044442530EAA70062C7C1 /* PhotoViewModel.swift */,
			);
			path = Post;
			sourceTree = "<group>";
		};
		C8A970872531FA3700585D67 /* InsertionPhoto */ = {
			isa = PBXGroup;
			children = (
				C8A9707C2531E02B00585D67 /* InsertionPhotoTableViewCell.swift */,
				C8A9707D2531E02B00585D67 /* InsertionPhotoTableViewCell.xib */,
			);
			path = InsertionPhoto;
			sourceTree = "<group>";
		};
		C8A970882531FA4C00585D67 /* Timeline */ = {
			isa = PBXGroup;
			children = (
				C8A970852531F7B200585D67 /* Model */,
				C8636B31252F993D006372E0 /* PopularPhotoViewController.swift */,
				C8636B33252F993D006372E0 /* Main.storyboard */,
				C8E044332530D3E60062C7C1 /* PopularPhotoViewModel.swift */,
			);
			path = Timeline;
			sourceTree = "<group>";
		};
/* End PBXGroup section */

/* Begin PBXNativeTarget section */
		C8636B29252F993D006372E0 /* WongnaiIntern */ = {
			isa = PBXNativeTarget;
			buildConfigurationList = C8636B3E252F993E006372E0 /* Build configuration list for PBXNativeTarget "WongnaiIntern" */;
			buildPhases = (
				11CE758B2C752B3A6994E526 /* [CP] Check Pods Manifest.lock */,
				C8E044392530E06B0062C7C1 /* R.swift */,
				C8636B26252F993D006372E0 /* Sources */,
				C8636B27252F993D006372E0 /* Frameworks */,
				C8636B28252F993D006372E0 /* Resources */,
				8C3C090D408772E9B2A6049C /* [CP] Embed Pods Frameworks */,
			);
			buildRules = (
			);
			dependencies = (
			);
			name = WongnaiIntern;
			productName = WongnaiIntern;
			productReference = C8636B2A252F993D006372E0 /* WongnaiIntern.app */;
			productType = "com.apple.product-type.application";
		};
/* End PBXNativeTarget section */

/* Begin PBXProject section */
		C8636B22252F993D006372E0 /* Project object */ = {
			isa = PBXProject;
			attributes = {
				LastSwiftUpdateCheck = 1170;
				LastUpgradeCheck = 1170;
				ORGANIZATIONNAME = "Kanokporn Wongwaitayakul";
				TargetAttributes = {
					C8636B29252F993D006372E0 = {
						CreatedOnToolsVersion = 11.7;
					};
				};
			};
			buildConfigurationList = C8636B25252F993D006372E0 /* Build configuration list for PBXProject "WongnaiIntern" */;
			compatibilityVersion = "Xcode 9.3";
			developmentRegion = en;
			hasScannedForEncodings = 0;
			knownRegions = (
				en,
				Base,
			);
			mainGroup = C8636B21252F993D006372E0;
			productRefGroup = C8636B2B252F993D006372E0 /* Products */;
			projectDirPath = "";
			projectRoot = "";
			targets = (
				C8636B29252F993D006372E0 /* WongnaiIntern */,
			);
		};
/* End PBXProject section */

/* Begin PBXResourcesBuildPhase section */
		C8636B28252F993D006372E0 /* Resources */ = {
			isa = PBXResourcesBuildPhase;
			buildActionMask = 2147483647;
			files = (
				C8636B3A252F993E006372E0 /* LaunchScreen.storyboard in Resources */,
				C8636B45252F9AFC006372E0 /* PopularPhotoTableViewCell.xib in Resources */,
				C8A9707F2531E02B00585D67 /* InsertionPhotoTableViewCell.xib in Resources */,
				C8636B37252F993E006372E0 /* Assets.xcassets in Resources */,
				C8636B49252FA5B1006372E0 /* LoadMoreTableViewCell.xib in Resources */,
				C8636B35252F993D006372E0 /* Main.storyboard in Resources */,
			);
			runOnlyForDeploymentPostprocessing = 0;
		};
/* End PBXResourcesBuildPhase section */

/* Begin PBXShellScriptBuildPhase section */
		11CE758B2C752B3A6994E526 /* [CP] Check Pods Manifest.lock */ = {
			isa = PBXShellScriptBuildPhase;
			buildActionMask = 2147483647;
			files = (
			);
			inputFileListPaths = (
			);
			inputPaths = (
				"${PODS_PODFILE_DIR_PATH}/Podfile.lock",
				"${PODS_ROOT}/Manifest.lock",
			);
			name = "[CP] Check Pods Manifest.lock";
			outputFileListPaths = (
			);
			outputPaths = (
				"$(DERIVED_FILE_DIR)/Pods-WongnaiIntern-checkManifestLockResult.txt",
			);
			runOnlyForDeploymentPostprocessing = 0;
			shellPath = /bin/sh;
			shellScript = "diff \"${PODS_PODFILE_DIR_PATH}/Podfile.lock\" \"${PODS_ROOT}/Manifest.lock\" > /dev/null\nif [ $? != 0 ] ; then\n    # print error to STDERR\n    echo \"error: The sandbox is not in sync with the Podfile.lock. Run 'pod install' or update your CocoaPods installation.\" >&2\n    exit 1\nfi\n# This output is used by Xcode 'outputs' to avoid re-running this script phase.\necho \"SUCCESS\" > \"${SCRIPT_OUTPUT_FILE_0}\"\n";
			showEnvVarsInLog = 0;
		};
		8C3C090D408772E9B2A6049C /* [CP] Embed Pods Frameworks */ = {
			isa = PBXShellScriptBuildPhase;
			buildActionMask = 2147483647;
			files = (
			);
			inputFileListPaths = (
				"${PODS_ROOT}/Target Support Files/Pods-WongnaiIntern/Pods-WongnaiIntern-frameworks-${CONFIGURATION}-input-files.xcfilelist",
			);
			name = "[CP] Embed Pods Frameworks";
			outputFileListPaths = (
				"${PODS_ROOT}/Target Support Files/Pods-WongnaiIntern/Pods-WongnaiIntern-frameworks-${CONFIGURATION}-output-files.xcfilelist",
			);
			runOnlyForDeploymentPostprocessing = 0;
			shellPath = /bin/sh;
			shellScript = "\"${PODS_ROOT}/Target Support Files/Pods-WongnaiIntern/Pods-WongnaiIntern-frameworks.sh\"\n";
			showEnvVarsInLog = 0;
		};
		C8E044392530E06B0062C7C1 /* R.swift */ = {
			isa = PBXShellScriptBuildPhase;
			buildActionMask = 2147483647;
			files = (
			);
			inputFileListPaths = (
			);
			inputPaths = (
				"$TEMP_DIR/rswift-lastrun",
			);
			name = R.swift;
			outputFileListPaths = (
			);
			outputPaths = (
				$SRCROOT/R.generated.swift,
			);
			runOnlyForDeploymentPostprocessing = 0;
			shellPath = /bin/sh;
			shellScript = "\"$PODS_ROOT/R.swift/rswift\" generate \"$SRCROOT/R.generated.swift\"\n";
		};
/* End PBXShellScriptBuildPhase section */

/* Begin PBXSourcesBuildPhase section */
		C8636B26252F993D006372E0 /* Sources */ = {
			isa = PBXSourcesBuildPhase;
			buildActionMask = 2147483647;
			files = (
				C8636B32252F993D006372E0 /* PopularPhotoViewController.swift in Sources */,
				C8E044452530EAA70062C7C1 /* PhotoViewModel.swift in Sources */,
				C8636B44252F9AFC006372E0 /* PopularPhotoTableViewCell.swift in Sources */,
				C8E044302530D0640062C7C1 /* Photoo.swift in Sources */,
				C8E044342530D3E60062C7C1 /* PopularPhotoViewModel.swift in Sources */,
				C8636B2E252F993D006372E0 /* AppDelegate.swift in Sources */,
				C8E044262530BC460062C7C1 /* PopularPhotoService.swift in Sources */,
				C8E044292530CD400062C7C1 /* PopularPhotoResponse.swift in Sources */,
				C8A9707E2531E02B00585D67 /* InsertionPhotoTableViewCell.swift in Sources */,
				C8E0443E2530E2A50062C7C1 /* R.generated.swift in Sources */,
				C8636B30252F993D006372E0 /* SceneDelegate.swift in Sources */,
				C8636B48252FA5B1006372E0 /* LoadMoreTableViewCell.swift in Sources */,
			);
			runOnlyForDeploymentPostprocessing = 0;
		};
/* End PBXSourcesBuildPhase section */

/* Begin PBXVariantGroup section */
		C8636B33252F993D006372E0 /* Main.storyboard */ = {
			isa = PBXVariantGroup;
			children = (
				C8636B34252F993D006372E0 /* Base */,
			);
			name = Main.storyboard;
			sourceTree = "<group>";
		};
		C8636B38252F993E006372E0 /* LaunchScreen.storyboard */ = {
			isa = PBXVariantGroup;
			children = (
				C8636B39252F993E006372E0 /* Base */,
			);
			name = LaunchScreen.storyboard;
			sourceTree = "<group>";
		};
/* End PBXVariantGroup section */

/* Begin XCBuildConfiguration section */
		C8636B3C252F993E006372E0 /* Debug */ = {
			isa = XCBuildConfiguration;
			buildSettings = {
				ALWAYS_SEARCH_USER_PATHS = NO;
				CLANG_ANALYZER_NONNULL = YES;
				CLANG_ANALYZER_NUMBER_OBJECT_CONVERSION = YES_AGGRESSIVE;
				CLANG_CXX_LANGUAGE_STANDARD = "gnu++14";
				CLANG_CXX_LIBRARY = "libc++";
				CLANG_ENABLE_MODULES = YES;
				CLANG_ENABLE_OBJC_ARC = YES;
				CLANG_ENABLE_OBJC_WEAK = YES;
				CLANG_WARN_BLOCK_CAPTURE_AUTORELEASING = YES;
				CLANG_WARN_BOOL_CONVERSION = YES;
				CLANG_WARN_COMMA = YES;
				CLANG_WARN_CONSTANT_CONVERSION = YES;
				CLANG_WARN_DEPRECATED_OBJC_IMPLEMENTATIONS = YES;
				CLANG_WARN_DIRECT_OBJC_ISA_USAGE = YES_ERROR;
				CLANG_WARN_DOCUMENTATION_COMMENTS = YES;
				CLANG_WARN_EMPTY_BODY = YES;
				CLANG_WARN_ENUM_CONVERSION = YES;
				CLANG_WARN_INFINITE_RECURSION = YES;
				CLANG_WARN_INT_CONVERSION = YES;
				CLANG_WARN_NON_LITERAL_NULL_CONVERSION = YES;
				CLANG_WARN_OBJC_IMPLICIT_RETAIN_SELF = YES;
				CLANG_WARN_OBJC_LITERAL_CONVERSION = YES;
				CLANG_WARN_OBJC_ROOT_CLASS = YES_ERROR;
				CLANG_WARN_RANGE_LOOP_ANALYSIS = YES;
				CLANG_WARN_STRICT_PROTOTYPES = YES;
				CLANG_WARN_SUSPICIOUS_MOVE = YES;
				CLANG_WARN_UNGUARDED_AVAILABILITY = YES_AGGRESSIVE;
				CLANG_WARN_UNREACHABLE_CODE = YES;
				CLANG_WARN__DUPLICATE_METHOD_MATCH = YES;
				COPY_PHASE_STRIP = NO;
				DEBUG_INFORMATION_FORMAT = dwarf;
				ENABLE_STRICT_OBJC_MSGSEND = YES;
				ENABLE_TESTABILITY = YES;
				GCC_C_LANGUAGE_STANDARD = gnu11;
				GCC_DYNAMIC_NO_PIC = NO;
				GCC_NO_COMMON_BLOCKS = YES;
				GCC_OPTIMIZATION_LEVEL = 0;
				GCC_PREPROCESSOR_DEFINITIONS = (
					"DEBUG=1",
					"$(inherited)",
				);
				GCC_WARN_64_TO_32_BIT_CONVERSION = YES;
				GCC_WARN_ABOUT_RETURN_TYPE = YES_ERROR;
				GCC_WARN_UNDECLARED_SELECTOR = YES;
				GCC_WARN_UNINITIALIZED_AUTOS = YES_AGGRESSIVE;
				GCC_WARN_UNUSED_FUNCTION = YES;
				GCC_WARN_UNUSED_VARIABLE = YES;
				IPHONEOS_DEPLOYMENT_TARGET = 13.7;
				MTL_ENABLE_DEBUG_INFO = INCLUDE_SOURCE;
				MTL_FAST_MATH = YES;
				ONLY_ACTIVE_ARCH = YES;
				SDKROOT = iphoneos;
				SWIFT_ACTIVE_COMPILATION_CONDITIONS = DEBUG;
				SWIFT_OPTIMIZATION_LEVEL = "-Onone";
			};
			name = Debug;
		};
		C8636B3D252F993E006372E0 /* Release */ = {
			isa = XCBuildConfiguration;
			buildSettings = {
				ALWAYS_SEARCH_USER_PATHS = NO;
				CLANG_ANALYZER_NONNULL = YES;
				CLANG_ANALYZER_NUMBER_OBJECT_CONVERSION = YES_AGGRESSIVE;
				CLANG_CXX_LANGUAGE_STANDARD = "gnu++14";
				CLANG_CXX_LIBRARY = "libc++";
				CLANG_ENABLE_MODULES = YES;
				CLANG_ENABLE_OBJC_ARC = YES;
				CLANG_ENABLE_OBJC_WEAK = YES;
				CLANG_WARN_BLOCK_CAPTURE_AUTORELEASING = YES;
				CLANG_WARN_BOOL_CONVERSION = YES;
				CLANG_WARN_COMMA = YES;
				CLANG_WARN_CONSTANT_CONVERSION = YES;
				CLANG_WARN_DEPRECATED_OBJC_IMPLEMENTATIONS = YES;
				CLANG_WARN_DIRECT_OBJC_ISA_USAGE = YES_ERROR;
				CLANG_WARN_DOCUMENTATION_COMMENTS = YES;
				CLANG_WARN_EMPTY_BODY = YES;
				CLANG_WARN_ENUM_CONVERSION = YES;
				CLANG_WARN_INFINITE_RECURSION = YES;
				CLANG_WARN_INT_CONVERSION = YES;
				CLANG_WARN_NON_LITERAL_NULL_CONVERSION = YES;
				CLANG_WARN_OBJC_IMPLICIT_RETAIN_SELF = YES;
				CLANG_WARN_OBJC_LITERAL_CONVERSION = YES;
				CLANG_WARN_OBJC_ROOT_CLASS = YES_ERROR;
				CLANG_WARN_RANGE_LOOP_ANALYSIS = YES;
				CLANG_WARN_STRICT_PROTOTYPES = YES;
				CLANG_WARN_SUSPICIOUS_MOVE = YES;
				CLANG_WARN_UNGUARDED_AVAILABILITY = YES_AGGRESSIVE;
				CLANG_WARN_UNREACHABLE_CODE = YES;
				CLANG_WARN__DUPLICATE_METHOD_MATCH = YES;
				COPY_PHASE_STRIP = NO;
				DEBUG_INFORMATION_FORMAT = "dwarf-with-dsym";
				ENABLE_NS_ASSERTIONS = NO;
				ENABLE_STRICT_OBJC_MSGSEND = YES;
				GCC_C_LANGUAGE_STANDARD = gnu11;
				GCC_NO_COMMON_BLOCKS = YES;
				GCC_WARN_64_TO_32_BIT_CONVERSION = YES;
				GCC_WARN_ABOUT_RETURN_TYPE = YES_ERROR;
				GCC_WARN_UNDECLARED_SELECTOR = YES;
				GCC_WARN_UNINITIALIZED_AUTOS = YES_AGGRESSIVE;
				GCC_WARN_UNUSED_FUNCTION = YES;
				GCC_WARN_UNUSED_VARIABLE = YES;
				IPHONEOS_DEPLOYMENT_TARGET = 13.7;
				MTL_ENABLE_DEBUG_INFO = NO;
				MTL_FAST_MATH = YES;
				SDKROOT = iphoneos;
				SWIFT_COMPILATION_MODE = wholemodule;
				SWIFT_OPTIMIZATION_LEVEL = "-O";
				VALIDATE_PRODUCT = YES;
			};
			name = Release;
		};
		C8636B3F252F993E006372E0 /* Debug */ = {
			isa = XCBuildConfiguration;
			baseConfigurationReference = 51CCB3F7FACBC8B1F6D26BF3 /* Pods-WongnaiIntern.debug.xcconfig */;
			buildSettings = {
				ASSETCATALOG_COMPILER_APPICON_NAME = AppIcon;
				CODE_SIGN_STYLE = Automatic;
				DEVELOPMENT_TEAM = NK47D3F5VR;
				INFOPLIST_FILE = WongnaiIntern/Info.plist;
				IPHONEOS_DEPLOYMENT_TARGET = 12.0;
				LD_RUNPATH_SEARCH_PATHS = (
					"$(inherited)",
					"@executable_path/Frameworks",
				);
				PRODUCT_BUNDLE_IDENTIFIER = WWK.WongnaiIntern;
				PRODUCT_NAME = "$(TARGET_NAME)";
				SWIFT_VERSION = 5.0;
				TARGETED_DEVICE_FAMILY = "1,2";
			};
			name = Debug;
		};
		C8636B40252F993E006372E0 /* Release */ = {
			isa = XCBuildConfiguration;
			baseConfigurationReference = C3969450D2B1CF973F9ED802 /* Pods-WongnaiIntern.release.xcconfig */;
			buildSettings = {
				ASSETCATALOG_COMPILER_APPICON_NAME = AppIcon;
				CODE_SIGN_STYLE = Automatic;
				DEVELOPMENT_TEAM = NK47D3F5VR;
				INFOPLIST_FILE = WongnaiIntern/Info.plist;
				IPHONEOS_DEPLOYMENT_TARGET = 12.0;
				LD_RUNPATH_SEARCH_PATHS = (
					"$(inherited)",
					"@executable_path/Frameworks",
				);
				PRODUCT_BUNDLE_IDENTIFIER = WWK.WongnaiIntern;
				PRODUCT_NAME = "$(TARGET_NAME)";
				SWIFT_VERSION = 5.0;
				TARGETED_DEVICE_FAMILY = "1,2";
			};
			name = Release;
		};
/* End XCBuildConfiguration section */

/* Begin XCConfigurationList section */
		C8636B25252F993D006372E0 /* Build configuration list for PBXProject "WongnaiIntern" */ = {
			isa = XCConfigurationList;
			buildConfigurations = (
				C8636B3C252F993E006372E0 /* Debug */,
				C8636B3D252F993E006372E0 /* Release */,
			);
			defaultConfigurationIsVisible = 0;
			defaultConfigurationName = Release;
		};
		C8636B3E252F993E006372E0 /* Build configuration list for PBXNativeTarget "WongnaiIntern" */ = {
			isa = XCConfigurationList;
			buildConfigurations = (
				C8636B3F252F993E006372E0 /* Debug */,
				C8636B40252F993E006372E0 /* Release */,
			);
			defaultConfigurationIsVisible = 0;
			defaultConfigurationName = Release;
		};
/* End XCConfigurationList section */
	};
	rootObject = C8636B22252F993D006372E0 /* Project object */;
}
